
Microsoft Visual Studio Solution File, Format Version 12.00
# Visual Studio Version 16
VisualStudioVersion = 16.0.28711.60
MinimumVisualStudioVersion = 10.0.40219.1
Project("{2150E333-8FDC-42A3-9474-1A3956D46DE8}") = "Support", "Support", "{8BF26916-5094-4A04-B148-C19DCCC53A95}"
	ProjectSection(SolutionItems) = preProject
		.gitattributes = .gitattributes
		.gitignore = .gitignore
		Analyzers.ruleset = Analyzers.ruleset
		appveyor.yml = appveyor.yml
		docfx.json = docfx.json
		Support\ffme.png = Support\ffme.png
		Support\ffmeplay.png = Support\ffmeplay.png
		LICENSE = LICENSE
		Support\nugetdoc.md = Support\nugetdoc.md
		README.md = README.md
		Support\readme.txt = Support\readme.txt
		toc.yml = toc.yml
	EndProjectSection
EndProject
Project("{D954291E-2A0B-460D-934E-DC6B0785DB48}") = "Unosquare.FFME", "Unosquare.FFME\Unosquare.FFME.shproj", "{B14A1CD8-E4E8-44E1-805A-66D0FAFC6263}"
EndProject
Project("{9A19103F-16F7-4668-BE54-9A1E7A4F7556}") = "FFWindowsFormsApp", "FFWindowsFormsApp\FFWindowsFormsApp.csproj", "{81AB2104-8FBE-4D2D-B7C0-31A1EAEA39E0}"
EndProject
Project("{9A19103F-16F7-4668-BE54-9A1E7A4F7556}") = "FFmpeg.AutoGen", "FFmpeg.AutoGen\FFmpeg.AutoGen.csproj", "{AA4E6C94-1616-4111-9D72-D3A29F940AF8}"
EndProject
Global
	GlobalSection(SharedMSBuildProjectFiles) = preSolution
		Unosquare.FFME\Unosquare.FFME.projitems*{81ab2104-8fbe-4d2d-b7c0-31a1eaea39e0}*SharedItemsImports = 5
		Unosquare.FFME\Unosquare.FFME.projitems*{b14a1cd8-e4e8-44e1-805a-66d0fafc6263}*SharedItemsImports = 13
	EndGlobalSection
	GlobalSection(SolutionConfigurationPlatforms) = preSolution
		Debug|Any CPU = Debug|Any CPU
		Debug|ARM = Debug|ARM
		Debug|ARM64 = Debug|ARM64
		Debug|x64 = Debug|x64
		Debug|x86 = Debug|x86
		Release|Any CPU = Release|Any CPU
		Release|ARM = Release|ARM
		Release|ARM64 = Release|ARM64
		Release|x64 = Release|x64
		Release|x86 = Release|x86
	EndGlobalSection
	GlobalSection(ProjectConfigurationPlatforms) = postSolution
		{81AB2104-8FBE-4D2D-B7C0-31A1EAEA39E0}.Debug|Any CPU.ActiveCfg = Debug|Any CPU
		{81AB2104-8FBE-4D2D-B7C0-31A1EAEA39E0}.Debug|Any CPU.Build.0 = Debug|Any CPU
		{81AB2104-8FBE-4D2D-B7C0-31A1EAEA39E0}.Debug|ARM.ActiveCfg = Debug|Any CPU
		{81AB2104-8FBE-4D2D-B7C0-31A1EAEA39E0}.Debug|ARM.Build.0 = Debug|Any CPU
		{81AB2104-8FBE-4D2D-B7C0-31A1EAEA39E0}.Debug|ARM64.ActiveCfg = Debug|Any CPU
		{81AB2104-8FBE-4D2D-B7C0-31A1EAEA39E0}.Debug|ARM64.Build.0 = Debug|Any CPU
		{81AB2104-8FBE-4D2D-B7C0-31A1EAEA39E0}.Debug|x64.ActiveCfg = Debug|Any CPU
		{81AB2104-8FBE-4D2D-B7C0-31A1EAEA39E0}.Debug|x64.Build.0 = Debug|Any CPU
		{81AB2104-8FBE-4D2D-B7C0-31A1EAEA39E0}.Debug|x86.ActiveCfg = Debug|Any CPU
		{81AB2104-8FBE-4D2D-B7C0-31A1EAEA39E0}.Debug|x86.Build.0 = Debug|Any CPU
		{81AB2104-8FBE-4D2D-B7C0-31A1EAEA39E0}.Release|Any CPU.ActiveCfg = Release|Any CPU
		{81AB2104-8FBE-4D2D-B7C0-31A1EAEA39E0}.Release|Any CPU.Build.0 = Release|Any CPU
		{81AB2104-8FBE-4D2D-B7C0-31A1EAEA39E0}.Release|ARM.ActiveCfg = Release|Any CPU
		{81AB2104-8FBE-4D2D-B7C0-31A1EAEA39E0}.Release|ARM.Build.0 = Release|Any CPU
		{81AB2104-8FBE-4D2D-B7C0-31A1EAEA39E0}.Release|ARM64.ActiveCfg = Release|Any CPU
		{81AB2104-8FBE-4D2D-B7C0-31A1EAEA39E0}.Release|ARM64.Build.0 = Release|Any CPU
		{81AB2104-8FBE-4D2D-B7C0-31A1EAEA39E0}.Release|x64.ActiveCfg = Release|Any CPU
		{81AB2104-8FBE-4D2D-B7C0-31A1EAEA39E0}.Release|x64.Build.0 = Release|Any CPU
		{81AB2104-8FBE-4D2D-B7C0-31A1EAEA39E0}.Release|x86.ActiveCfg = Release|Any CPU
		{81AB2104-8FBE-4D2D-B7C0-31A1EAEA39E0}.Release|x86.Build.0 = Release|Any CPU
		{AA4E6C94-1616-4111-9D72-D3A29F940AF8}.Debug|Any CPU.ActiveCfg = Debug|Any CPU
		{AA4E6C94-1616-4111-9D72-D3A29F940AF8}.Debug|Any CPU.Build.0 = Debug|Any CPU
		{AA4E6C94-1616-4111-9D72-D3A29F940AF8}.Debug|ARM.ActiveCfg = Debug|Any CPU
		{AA4E6C94-1616-4111-9D72-D3A29F940AF8}.Debug|ARM.Build.0 = Debug|Any CPU
		{AA4E6C94-1616-4111-9D72-D3A29F940AF8}.Debug|ARM64.ActiveCfg = Debug|Any CPU
		{AA4E6C94-1616-4111-9D72-D3A29F940AF8}.Debug|ARM64.Build.0 = Debug|Any CPU
		{AA4E6C94-1616-4111-9D72-D3A29F940AF8}.Debug|x64.ActiveCfg = Debug|Any CPU
		{AA4E6C94-1616-4111-9D72-D3A29F940AF8}.Debug|x64.Build.0 = Debug|Any CPU
		{AA4E6C94-1616-4111-9D72-D3A29F940AF8}.Debug|x86.ActiveCfg = Debug|Any CPU
		{AA4E6C94-1616-4111-9D72-D3A29F940AF8}.Debug|x86.Build.0 = Debug|Any CPU
		{AA4E6C94-1616-4111-9D72-D3A29F940AF8}.Release|Any CPU.ActiveCfg = Release|Any CPU
		{AA4E6C94-1616-4111-9D72-D3A29F940AF8}.Release|Any CPU.Build.0 = Release|Any CPU
		{AA4E6C94-1616-4111-9D72-D3A29F940AF8}.Release|ARM.ActiveCfg = Release|Any CPU
		{AA4E6C94-1616-4111-9D72-D3A29F940AF8}.Release|ARM.Build.0 = Release|Any CPU
		{AA4E6C94-1616-4111-9D72-D3A29F940AF8}.Release|ARM64.ActiveCfg = Release|Any CPU
		{AA4E6C94-1616-4111-9D72-D3A29F940AF8}.Release|ARM64.Build.0 = Release|Any CPU
		{AA4E6C94-1616-4111-9D72-D3A29F940AF8}.Release|x64.ActiveCfg = Release|Any CPU
		{AA4E6C94-1616-4111-9D72-D3A29F940AF8}.Release|x64.Build.0 = Release|Any CPU
		{AA4E6C94-1616-4111-9D72-D3A29F940AF8}.Release|x86.ActiveCfg = Release|Any CPU
		{AA4E6C94-1616-4111-9D72-D3A29F940AF8}.Release|x86.Build.0 = Release|Any CPU
	EndGlobalSection
	GlobalSection(SolutionProperties) = preSolution
		HideSolutionNode = FALSE
	EndGlobalSection
	GlobalSection(ExtensibilityGlobals) = postSolution
		SolutionGuid = {7E89E3EA-B5D6-4E75-8B7F-C1ED0D05D7D8}
	EndGlobalSection
	GlobalSection(Performance) = preSolution
		HasPerformanceSessions = true
	EndGlobalSection
EndGlobal
